
Microsoft Visual Studio Solution File, Format Version 12.00
# Visual Studio Version 17
VisualStudioVersion = 17.0.31903.59
MinimumVisualStudioVersion = 10.0.40219.1
Project("{FAE04EC0-301F-11D3-BF4B-00C04F79EFBC}") = "Epub", "Epub\Epub.csproj", "{6B838514-7091-4AFE-BD97-0555E3FE7FC9}"
EndProject
Project("{FAE04EC0-301F-11D3-BF4B-00C04F79EFBC}") = "Epub.Tests", "Epub.Tests\Epub.Tests.csproj", "{4467A198-7EFD-4AB4-A796-63356F996B39}"
EndProject
Project("{FAE04EC0-301F-11D3-BF4B-00C04F79EFBC}") = "FileStorage", "FileStorage\FileStorage.csproj", "{F7ED0139-9DC9-4C36-9511-B45B156F5391}"
EndProject
Project("{FAE04EC0-301F-11D3-BF4B-00C04F79EFBC}") = "FileStorage.Tests", "FileStorage.Tests\FileStorage.Tests.csproj", "{D4237DA8-8B6C-47E3-9C95-827031AB3DA1}"
EndProject
Project("{FAE04EC0-301F-11D3-BF4B-00C04F79EFBC}") = "ImgProj", "ImgProj\ImgProj.csproj", "{ED655D86-E69A-4E24-A04B-9F90B5CD8091}"
EndProject
Project("{FAE04EC0-301F-11D3-BF4B-00C04F79EFBC}") = "Archivist", "Archivist\Archivist.csproj", "{05EEAFA0-5B6B-4E3F-87CC-B78817CF943D}"
EndProject
Project("{FAE04EC0-301F-11D3-BF4B-00C04F79EFBC}") = "Images", "Images\Images.csproj", "{634EB9CD-289B-44A9-A943-BA470E606425}"
EndProject
Project("{FAE04EC0-301F-11D3-BF4B-00C04F79EFBC}") = "Images.Tests", "Images.Tests\Images.Tests.csproj", "{72AB374C-A3E6-479F-B1F4-05DAC914C0F4}"
EndProject
Project("{FAE04EC0-301F-11D3-BF4B-00C04F79EFBC}") = "Subprocesses", "Subprocesses\Subprocesses.csproj", "{7B46946C-9D6B-4C9E-994D-F65E084AF4C8}"
EndProject
Project("{FAE04EC0-301F-11D3-BF4B-00C04F79EFBC}") = "Subprocesses.Tests", "Subprocesses.Tests\Subprocesses.Tests.csproj", "{5004C1D7-F051-4E36-9D7B-A07A5CF9C58B}"
EndProject
Project("{FAE04EC0-301F-11D3-BF4B-00C04F79EFBC}") = "Databases", "Databases\Databases.csproj", "{7C0ADBF3-2002-436D-9AE0-4209BC1649E8}"
EndProject
Project("{FAE04EC0-301F-11D3-BF4B-00C04F79EFBC}") = "Databases.Tests", "Databases.Tests\Databases.Tests.csproj", "{2FB7D17B-C840-4CA9-90D8-58BFE952A02E}"
EndProject
Project("{FAE04EC0-301F-11D3-BF4B-00C04F79EFBC}") = "Testing", "Testing\Testing.csproj", "{B7E3F303-23B4-4CC0-9934-4E8B65B677F6}"
EndProject
Project("{FAE04EC0-301F-11D3-BF4B-00C04F79EFBC}") = "Testing.Tests", "Testing.Tests\Testing.Tests.csproj", "{C761314E-B67A-4423-8D24-E8CF270EB781}"
EndProject
Global
	GlobalSection(SolutionConfigurationPlatforms) = preSolution
		Debug|Any CPU = Debug|Any CPU
		Release|Any CPU = Release|Any CPU
	EndGlobalSection
	GlobalSection(SolutionProperties) = preSolution
		HideSolutionNode = FALSE
	EndGlobalSection
	GlobalSection(ProjectConfigurationPlatforms) = postSolution
		{6B838514-7091-4AFE-BD97-0555E3FE7FC9}.Debug|Any CPU.ActiveCfg = Debug|Any CPU
		{6B838514-7091-4AFE-BD97-0555E3FE7FC9}.Debug|Any CPU.Build.0 = Debug|Any CPU
		{6B838514-7091-4AFE-BD97-0555E3FE7FC9}.Release|Any CPU.ActiveCfg = Release|Any CPU
		{6B838514-7091-4AFE-BD97-0555E3FE7FC9}.Release|Any CPU.Build.0 = Release|Any CPU
		{4467A198-7EFD-4AB4-A796-63356F996B39}.Debug|Any CPU.ActiveCfg = Debug|Any CPU
		{4467A198-7EFD-4AB4-A796-63356F996B39}.Debug|Any CPU.Build.0 = Debug|Any CPU
		{4467A198-7EFD-4AB4-A796-63356F996B39}.Release|Any CPU.ActiveCfg = Release|Any CPU
		{4467A198-7EFD-4AB4-A796-63356F996B39}.Release|Any CPU.Build.0 = Release|Any CPU
		{F7ED0139-9DC9-4C36-9511-B45B156F5391}.Debug|Any CPU.ActiveCfg = Debug|Any CPU
		{F7ED0139-9DC9-4C36-9511-B45B156F5391}.Debug|Any CPU.Build.0 = Debug|Any CPU
		{F7ED0139-9DC9-4C36-9511-B45B156F5391}.Release|Any CPU.ActiveCfg = Release|Any CPU
		{F7ED0139-9DC9-4C36-9511-B45B156F5391}.Release|Any CPU.Build.0 = Release|Any CPU
		{D4237DA8-8B6C-47E3-9C95-827031AB3DA1}.Debug|Any CPU.ActiveCfg = Debug|Any CPU
		{D4237DA8-8B6C-47E3-9C95-827031AB3DA1}.Debug|Any CPU.Build.0 = Debug|Any CPU
		{D4237DA8-8B6C-47E3-9C95-827031AB3DA1}.Release|Any CPU.ActiveCfg = Release|Any CPU
		{D4237DA8-8B6C-47E3-9C95-827031AB3DA1}.Release|Any CPU.Build.0 = Release|Any CPU
		{ED655D86-E69A-4E24-A04B-9F90B5CD8091}.Debug|Any CPU.ActiveCfg = Debug|Any CPU
		{ED655D86-E69A-4E24-A04B-9F90B5CD8091}.Debug|Any CPU.Build.0 = Debug|Any CPU
		{ED655D86-E69A-4E24-A04B-9F90B5CD8091}.Release|Any CPU.ActiveCfg = Release|Any CPU
		{ED655D86-E69A-4E24-A04B-9F90B5CD8091}.Release|Any CPU.Build.0 = Release|Any CPU
		{05EEAFA0-5B6B-4E3F-87CC-B78817CF943D}.Debug|Any CPU.ActiveCfg = Debug|Any CPU
		{05EEAFA0-5B6B-4E3F-87CC-B78817CF943D}.Debug|Any CPU.Build.0 = Debug|Any CPU
		{05EEAFA0-5B6B-4E3F-87CC-B78817CF943D}.Release|Any CPU.ActiveCfg = Release|Any CPU
		{05EEAFA0-5B6B-4E3F-87CC-B78817CF943D}.Release|Any CPU.Build.0 = Release|Any CPU
		{634EB9CD-289B-44A9-A943-BA470E606425}.Debug|Any CPU.ActiveCfg = Debug|Any CPU
		{634EB9CD-289B-44A9-A943-BA470E606425}.Debug|Any CPU.Build.0 = Debug|Any CPU
		{634EB9CD-289B-44A9-A943-BA470E606425}.Release|Any CPU.ActiveCfg = Release|Any CPU
		{634EB9CD-289B-44A9-A943-BA470E606425}.Release|Any CPU.Build.0 = Release|Any CPU
		{72AB374C-A3E6-479F-B1F4-05DAC914C0F4}.Debug|Any CPU.ActiveCfg = Debug|Any CPU
		{72AB374C-A3E6-479F-B1F4-05DAC914C0F4}.Debug|Any CPU.Build.0 = Debug|Any CPU
		{72AB374C-A3E6-479F-B1F4-05DAC914C0F4}.Release|Any CPU.ActiveCfg = Release|Any CPU
		{72AB374C-A3E6-479F-B1F4-05DAC914C0F4}.Release|Any CPU.Build.0 = Release|Any CPU
		{7B46946C-9D6B-4C9E-994D-F65E084AF4C8}.Debug|Any CPU.ActiveCfg = Debug|Any CPU
		{7B46946C-9D6B-4C9E-994D-F65E084AF4C8}.Debug|Any CPU.Build.0 = Debug|Any CPU
		{7B46946C-9D6B-4C9E-994D-F65E084AF4C8}.Release|Any CPU.ActiveCfg = Release|Any CPU
		{7B46946C-9D6B-4C9E-994D-F65E084AF4C8}.Release|Any CPU.Build.0 = Release|Any CPU
		{5004C1D7-F051-4E36-9D7B-A07A5CF9C58B}.Debug|Any CPU.ActiveCfg = Debug|Any CPU
		{5004C1D7-F051-4E36-9D7B-A07A5CF9C58B}.Debug|Any CPU.Build.0 = Debug|Any CPU
		{5004C1D7-F051-4E36-9D7B-A07A5CF9C58B}.Release|Any CPU.ActiveCfg = Release|Any CPU
		{5004C1D7-F051-4E36-9D7B-A07A5CF9C58B}.Release|Any CPU.Build.0 = Release|Any CPU
		{7C0ADBF3-2002-436D-9AE0-4209BC1649E8}.Debug|Any CPU.ActiveCfg = Debug|Any CPU
		{7C0ADBF3-2002-436D-9AE0-4209BC1649E8}.Debug|Any CPU.Build.0 = Debug|Any CPU
		{7C0ADBF3-2002-436D-9AE0-4209BC1649E8}.Release|Any CPU.ActiveCfg = Release|Any CPU
		{7C0ADBF3-2002-436D-9AE0-4209BC1649E8}.Release|Any CPU.Build.0 = Release|Any CPU
		{2FB7D17B-C840-4CA9-90D8-58BFE952A02E}.Debug|Any CPU.ActiveCfg = Debug|Any CPU
		{2FB7D17B-C840-4CA9-90D8-58BFE952A02E}.Debug|Any CPU.Build.0 = Debug|Any CPU
		{2FB7D17B-C840-4CA9-90D8-58BFE952A02E}.Release|Any CPU.ActiveCfg = Release|Any CPU
		{2FB7D17B-C840-4CA9-90D8-58BFE952A02E}.Release|Any CPU.Build.0 = Release|Any CPU
		{B7E3F303-23B4-4CC0-9934-4E8B65B677F6}.Debug|Any CPU.ActiveCfg = Debug|Any CPU
		{B7E3F303-23B4-4CC0-9934-4E8B65B677F6}.Debug|Any CPU.Build.0 = Debug|Any CPU
		{B7E3F303-23B4-4CC0-9934-4E8B65B677F6}.Release|Any CPU.ActiveCfg = Release|Any CPU
		{B7E3F303-23B4-4CC0-9934-4E8B65B677F6}.Release|Any CPU.Build.0 = Release|Any CPU
		{C761314E-B67A-4423-8D24-E8CF270EB781}.Debug|Any CPU.ActiveCfg = Debug|Any CPU
		{C761314E-B67A-4423-8D24-E8CF270EB781}.Debug|Any CPU.Build.0 = Debug|Any CPU
		{C761314E-B67A-4423-8D24-E8CF270EB781}.Release|Any CPU.ActiveCfg = Release|Any CPU
		{C761314E-B67A-4423-8D24-E8CF270EB781}.Release|Any CPU.Build.0 = Release|Any CPU
	EndGlobalSection
EndGlobal
